
Microsoft Visual Studio Solution File, Format Version 12.00
# Visual Studio Version 17
VisualStudioVersion = 17.4.33122.133
MinimumVisualStudioVersion = 10.0.40219.1
Project("{FAE04EC0-301F-11D3-BF4B-00C04F79EFBC}") = "SalesWebMvc", "SalesWebMvc.csproj", "{FEEBD54C-DC0F-4840-8DE3-F04A2332EB0F}"
EndProject
Global
	GlobalSection(SolutionConfigurationPlatforms) = preSolution
		Debug|Any CPU = Debug|Any CPU
		Release|Any CPU = Release|Any CPU
	EndGlobalSection
	GlobalSection(ProjectConfigurationPlatforms) = postSolution
		{FEEBD54C-DC0F-4840-8DE3-F04A2332EB0F}.Debug|Any CPU.ActiveCfg = Debug|Any CPU
		{FEEBD54C-DC0F-4840-8DE3-F04A2332EB0F}.Debug|Any CPU.Build.0 = Debug|Any CPU
		{FEEBD54C-DC0F-4840-8DE3-F04A2332EB0F}.Release|Any CPU.ActiveCfg = Release|Any CPU
		{FEEBD54C-DC0F-4840-8DE3-F04A2332EB0F}.Release|Any CPU.Build.0 = Release|Any CPU
	EndGlobalSection
	GlobalSection(SolutionProperties) = preSolution
		HideSolutionNode = FALSE
	EndGlobalSection
	GlobalSection(ExtensibilityGlobals) = postSolution
		SolutionGuid = {32BE7721-4DCB-42FE-A6EB-E160796ED684}
	EndGlobalSection
EndGlobal
